
Microsoft Visual Studio Solution File, Format Version 12.00
# Visual Studio 15
VisualStudioVersion = 15.0.28010.2050
MinimumVisualStudioVersion = 10.0.40219.1
Project("{2150E333-8FDC-42A3-9474-1A3956D46DE8}") = "src", "src", "{4C2EC234-B450-423A-AC64-3EDFAC5F9197}"
EndProject
Project("{FAE04EC0-301F-11D3-BF4B-00C04F79EFBC}") = "21CCLC-POC.Application.Tests", "test\21CCLC-POC.Test.Application\21CCLC-POC.Application.Tests.csproj", "{FF4F68A6-9091-48ED-8A15-64B3E509BB3A}"
EndProject
Project("{2150E333-8FDC-42A3-9474-1A3956D46DE8}") = "test", "test", "{A75F098D-D1C9-47CB-A56D-B014BE0DAEEF}"
EndProject
Project("{FAE04EC0-301F-11D3-BF4B-00C04F79EFBC}") = "21CCLC-POC.Persistence.Tests", "test\21CCLC-POC.Test.Persistence\21CCLC-POC.Persistence.Tests.csproj", "{0B16FB04-D8E0-4392-951C-0C5609571444}"
EndProject
Project("{9A19103F-16F7-4668-BE54-9A1E7A4F7556}") = "21CCLC-POC.Application", "src\21CCLC-POC.Application\21CCLC-POC.Application.csproj", "{33D99FE6-1FF8-49D0-AB85-D0C0C25139B9}"
EndProject
Project("{9A19103F-16F7-4668-BE54-9A1E7A4F7556}") = "21CCLC-POC.Persistence", "src\21CCLC-POC.Persistence\21CCLC-POC.Persistence.csproj", "{7D884F3B-7CAB-41E1-A273-D11001153F5F}"
EndProject
Project("{FAE04EC0-301F-11D3-BF4B-00C04F79EFBC}") = "21CCLC-POC.UI", "src\21CCLC-POC.UI\21CCLC-POC.UI.csproj", "{1C39F238-D8EC-4F4F-9CDC-87B4C81F1879}"
EndProject
Project("{FAE04EC0-301F-11D3-BF4B-00C04F79EFBC}") = "21CCLC-POC.UI.Tests", "test\21CCLC-POC.UI.Tests\21CCLC-POC.UI.Tests.csproj", "{33CB7AA6-98D3-4E05-ACA7-E4616288F0B7}"
EndProject
Global
	GlobalSection(SolutionConfigurationPlatforms) = preSolution
		Debug|Any CPU = Debug|Any CPU
		Release|Any CPU = Release|Any CPU
	EndGlobalSection
	GlobalSection(ProjectConfigurationPlatforms) = postSolution
		{FF4F68A6-9091-48ED-8A15-64B3E509BB3A}.Debug|Any CPU.ActiveCfg = Debug|Any CPU
		{FF4F68A6-9091-48ED-8A15-64B3E509BB3A}.Debug|Any CPU.Build.0 = Debug|Any CPU
		{FF4F68A6-9091-48ED-8A15-64B3E509BB3A}.Release|Any CPU.ActiveCfg = Release|Any CPU
		{FF4F68A6-9091-48ED-8A15-64B3E509BB3A}.Release|Any CPU.Build.0 = Release|Any CPU
		{0B16FB04-D8E0-4392-951C-0C5609571444}.Debug|Any CPU.ActiveCfg = Debug|Any CPU
		{0B16FB04-D8E0-4392-951C-0C5609571444}.Debug|Any CPU.Build.0 = Debug|Any CPU
		{0B16FB04-D8E0-4392-951C-0C5609571444}.Release|Any CPU.ActiveCfg = Release|Any CPU
		{0B16FB04-D8E0-4392-951C-0C5609571444}.Release|Any CPU.Build.0 = Release|Any CPU
		{33D99FE6-1FF8-49D0-AB85-D0C0C25139B9}.Debug|Any CPU.ActiveCfg = Debug|Any CPU
		{33D99FE6-1FF8-49D0-AB85-D0C0C25139B9}.Debug|Any CPU.Build.0 = Debug|Any CPU
		{33D99FE6-1FF8-49D0-AB85-D0C0C25139B9}.Release|Any CPU.ActiveCfg = Release|Any CPU
		{33D99FE6-1FF8-49D0-AB85-D0C0C25139B9}.Release|Any CPU.Build.0 = Release|Any CPU
		{7D884F3B-7CAB-41E1-A273-D11001153F5F}.Debug|Any CPU.ActiveCfg = Debug|Any CPU
		{7D884F3B-7CAB-41E1-A273-D11001153F5F}.Debug|Any CPU.Build.0 = Debug|Any CPU
		{7D884F3B-7CAB-41E1-A273-D11001153F5F}.Release|Any CPU.ActiveCfg = Release|Any CPU
		{7D884F3B-7CAB-41E1-A273-D11001153F5F}.Release|Any CPU.Build.0 = Release|Any CPU
		{1C39F238-D8EC-4F4F-9CDC-87B4C81F1879}.Debug|Any CPU.ActiveCfg = Debug|Any CPU
		{1C39F238-D8EC-4F4F-9CDC-87B4C81F1879}.Debug|Any CPU.Build.0 = Debug|Any CPU
		{1C39F238-D8EC-4F4F-9CDC-87B4C81F1879}.Release|Any CPU.ActiveCfg = Release|Any CPU
		{1C39F238-D8EC-4F4F-9CDC-87B4C81F1879}.Release|Any CPU.Build.0 = Release|Any CPU
		{33CB7AA6-98D3-4E05-ACA7-E4616288F0B7}.Debug|Any CPU.ActiveCfg = Debug|Any CPU
		{33CB7AA6-98D3-4E05-ACA7-E4616288F0B7}.Debug|Any CPU.Build.0 = Debug|Any CPU
		{33CB7AA6-98D3-4E05-ACA7-E4616288F0B7}.Release|Any CPU.ActiveCfg = Release|Any CPU
		{33CB7AA6-98D3-4E05-ACA7-E4616288F0B7}.Release|Any CPU.Build.0 = Release|Any CPU
	EndGlobalSection
	GlobalSection(SolutionProperties) = preSolution
		HideSolutionNode = FALSE
	EndGlobalSection
	GlobalSection(NestedProjects) = preSolution
		{FF4F68A6-9091-48ED-8A15-64B3E509BB3A} = {A75F098D-D1C9-47CB-A56D-B014BE0DAEEF}
		{0B16FB04-D8E0-4392-951C-0C5609571444} = {A75F098D-D1C9-47CB-A56D-B014BE0DAEEF}
		{33D99FE6-1FF8-49D0-AB85-D0C0C25139B9} = {4C2EC234-B450-423A-AC64-3EDFAC5F9197}
		{7D884F3B-7CAB-41E1-A273-D11001153F5F} = {4C2EC234-B450-423A-AC64-3EDFAC5F9197}
		{1C39F238-D8EC-4F4F-9CDC-87B4C81F1879} = {4C2EC234-B450-423A-AC64-3EDFAC5F9197}
		{33CB7AA6-98D3-4E05-ACA7-E4616288F0B7} = {A75F098D-D1C9-47CB-A56D-B014BE0DAEEF}
	EndGlobalSection
	GlobalSection(ExtensibilityGlobals) = postSolution
		SolutionGuid = {0CD720C0-CD45-402F-A370-A275255662DE}
	EndGlobalSection
EndGlobal
